
Microsoft Visual Studio Solution File, Format Version 12.00
# Visual Studio 15
VisualStudioVersion = 15.0.26430.14
MinimumVisualStudioVersion = 10.0.40219.1
Project("{FAE04EC0-301F-11D3-BF4B-00C04F79EFBC}") = "WebApplication1", "WebApplication1\WebApplication1.csproj", "{180C9CA4-5C79-4762-A1F3-54A9290AB502}"
EndProject
Project("{E53339B2-1760-4266-BCC7-CA923CBCF16C}") = "docker-compose", "docker-compose.dcproj", "{F74E1D80-C75D-4738-A197-FA80D0B9500E}"
EndProject
Global
	GlobalSection(SolutionConfigurationPlatforms) = preSolution
		Debug|Any CPU = Debug|Any CPU
		Release|Any CPU = Release|Any CPU
	EndGlobalSection
	GlobalSection(ProjectConfigurationPlatforms) = postSolution
		{180C9CA4-5C79-4762-A1F3-54A9290AB502}.Debug|Any CPU.ActiveCfg = Debug|Any CPU
		{180C9CA4-5C79-4762-A1F3-54A9290AB502}.Debug|Any CPU.Build.0 = Debug|Any CPU
		{180C9CA4-5C79-4762-A1F3-54A9290AB502}.Release|Any CPU.ActiveCfg = Release|Any CPU
		{180C9CA4-5C79-4762-A1F3-54A9290AB502}.Release|Any CPU.Build.0 = Release|Any CPU
		{F74E1D80-C75D-4738-A197-FA80D0B9500E}.Debug|Any CPU.ActiveCfg = Debug|Any CPU
		{F74E1D80-C75D-4738-A197-FA80D0B9500E}.Debug|Any CPU.Build.0 = Debug|Any CPU
		{F74E1D80-C75D-4738-A197-FA80D0B9500E}.Release|Any CPU.ActiveCfg = Release|Any CPU
		{F74E1D80-C75D-4738-A197-FA80D0B9500E}.Release|Any CPU.Build.0 = Release|Any CPU
	EndGlobalSection
	GlobalSection(SolutionProperties) = preSolution
		HideSolutionNode = FALSE
	EndGlobalSection
EndGlobal
